// !$*UTF8*$!
{
	archiveVersion = 1;
	classes = {
	};
	objectVersion = 55;
	objects = {

/* Begin PBXBuildFile section */
		1AADAC3A998AAD1DC9406E58 /* Pods_APIExample.framework in Frameworks */ = {isa = PBXBuildFile; fileRef = 445E239791686BFF6E9FCEF8 /* Pods_APIExample.framework */; };
		E809F4632825325400D98E26 /* AppDelegate.m in Sources */ = {isa = PBXBuildFile; fileRef = E809F4622825325400D98E26 /* AppDelegate.m */; };
		E809F4662825325400D98E26 /* SceneDelegate.m in Sources */ = {isa = PBXBuildFile; fileRef = E809F4652825325400D98E26 /* SceneDelegate.m */; };
		E809F46C2825325400D98E26 /* Main.storyboard in Resources */ = {isa = PBXBuildFile; fileRef = E809F46A2825325400D98E26 /* Main.storyboard */; };
		E809F46E2825325500D98E26 /* Assets.xcassets in Resources */ = {isa = PBXBuildFile; fileRef = E809F46D2825325500D98E26 /* Assets.xcassets */; };
		E809F4712825325500D98E26 /* LaunchScreen.storyboard in Resources */ = {isa = PBXBuildFile; fileRef = E809F46F2825325500D98E26 /* LaunchScreen.storyboard */; };
		E809F4742825325500D98E26 /* main.m in Sources */ = {isa = PBXBuildFile; fileRef = E809F4732825325500D98E26 /* main.m */; };
		E83ACF6E282A6D1E0064C429 /* ViewController.m in Sources */ = {isa = PBXBuildFile; fileRef = E83ACF6D282A6D1E0064C429 /* ViewController.m */; };
		E880A2EB283CED9E00E0EA60 /* RTCViewController.m in Sources */ = {isa = PBXBuildFile; fileRef = E880A2EA283CED9E00E0EA60 /* RTCViewController.m */; };
		E880A2EE283D000000E0EA60 /* JoinAudioViewController.m in Sources */ = {isa = PBXBuildFile; fileRef = E880A2ED283D000000E0EA60 /* JoinAudioViewController.m */; };
		E880A2F1283D001E00E0EA60 /* JoinVideoViewController.m in Sources */ = {isa = PBXBuildFile; fileRef = E880A2F0283D001E00E0EA60 /* JoinVideoViewController.m */; };
		E8E6B51728364F4400F9BA52 /* SettingsViewController.m in Sources */ = {isa = PBXBuildFile; fileRef = E8E6B51628364F4400F9BA52 /* SettingsViewController.m */; };
		E8E6B51D2837868400F9BA52 /* RTCEngine.framework in Frameworks */ = {isa = PBXBuildFile; fileRef = E8E6B51A2837868400F9BA52 /* RTCEngine.framework */; };
		E8E6B51E2837868400F9BA52 /* OmniRtcKit.framework in Frameworks */ = {isa = PBXBuildFile; fileRef = E8E6B51B2837868400F9BA52 /* OmniRtcKit.framework */; };
		E8E6B51F2837868400F9BA52 /* OmniRtcPlayerKit.framework in Frameworks */ = {isa = PBXBuildFile; fileRef = E8E6B51C2837868400F9BA52 /* OmniRtcPlayerKit.framework */; };
		E8E6B525283799D600F9BA52 /* VideoToolbox.framework in Frameworks */ = {isa = PBXBuildFile; fileRef = E8E6B524283799D600F9BA52 /* VideoToolbox.framework */; };
		E8E6B52A2837A10000F9BA52 /* libc++.tbd in Frameworks */ = {isa = PBXBuildFile; fileRef = E8E6B5202837990100F9BA52 /* libc++.tbd */; };
		E8E6B52E283C941200F9BA52 /* Advanced.storyboard in Resources */ = {isa = PBXBuildFile; fileRef = E8E6B52D283C941200F9BA52 /* Advanced.storyboard */; };
		E8E6B530283C943000F9BA52 /* Basic.storyboard in Resources */ = {isa = PBXBuildFile; fileRef = E8E6B52F283C943000F9BA52 /* Basic.storyboard */; };
		E8E6B533283C9CFA00F9BA52 /* EntryViewController.m in Sources */ = {isa = PBXBuildFile; fileRef = E8E6B532283C9CFA00F9BA52 /* EntryViewController.m */; };
/* End PBXBuildFile section */

/* Begin PBXFileReference section */
		445E239791686BFF6E9FCEF8 /* Pods_APIExample.framework */ = {isa = PBXFileReference; explicitFileType = wrapper.framework; includeInIndex = 0; path = Pods_APIExample.framework; sourceTree = BUILT_PRODUCTS_DIR; };
		660E53A809D5033BF4CA290B /* Pods-APIExample.release.xcconfig */ = {isa = PBXFileReference; includeInIndex = 1; lastKnownFileType = text.xcconfig; name = "Pods-APIExample.release.xcconfig"; path = "Target Support Files/Pods-APIExample/Pods-APIExample.release.xcconfig"; sourceTree = "<group>"; };
		A27E6A00E5E849CAEACAF4AA /* Pods-APIExample.debug.xcconfig */ = {isa = PBXFileReference; includeInIndex = 1; lastKnownFileType = text.xcconfig; name = "Pods-APIExample.debug.xcconfig"; path = "Target Support Files/Pods-APIExample/Pods-APIExample.debug.xcconfig"; sourceTree = "<group>"; };
		E809F45E2825325400D98E26 /* APIExample.app */ = {isa = PBXFileReference; explicitFileType = wrapper.application; includeInIndex = 0; path = APIExample.app; sourceTree = BUILT_PRODUCTS_DIR; };
		E809F4612825325400D98E26 /* AppDelegate.h */ = {isa = PBXFileReference; lastKnownFileType = sourcecode.c.h; path = AppDelegate.h; sourceTree = "<group>"; };
		E809F4622825325400D98E26 /* AppDelegate.m */ = {isa = PBXFileReference; lastKnownFileType = sourcecode.c.objc; path = AppDelegate.m; sourceTree = "<group>"; };
		E809F4642825325400D98E26 /* SceneDelegate.h */ = {isa = PBXFileReference; lastKnownFileType = sourcecode.c.h; path = SceneDelegate.h; sourceTree = "<group>"; };
		E809F4652825325400D98E26 /* SceneDelegate.m */ = {isa = PBXFileReference; lastKnownFileType = sourcecode.c.objc; path = SceneDelegate.m; sourceTree = "<group>"; };
		E809F46B2825325400D98E26 /* Base */ = {isa = PBXFileReference; lastKnownFileType = file.storyboard; name = Base; path = Base.lproj/Main.storyboard; sourceTree = "<group>"; };
		E809F46D2825325500D98E26 /* Assets.xcassets */ = {isa = PBXFileReference; lastKnownFileType = folder.assetcatalog; path = Assets.xcassets; sourceTree = "<group>"; };
		E809F4702825325500D98E26 /* Base */ = {isa = PBXFileReference; lastKnownFileType = file.storyboard; name = Base; path = Base.lproj/LaunchScreen.storyboard; sourceTree = "<group>"; };
		E809F4722825325500D98E26 /* Info.plist */ = {isa = PBXFileReference; lastKnownFileType = text.plist.xml; path = Info.plist; sourceTree = "<group>"; };
		E809F4732825325500D98E26 /* main.m */ = {isa = PBXFileReference; lastKnownFileType = sourcecode.c.objc; path = main.m; sourceTree = "<group>"; };
		E83ACF6C282A6D1E0064C429 /* ViewController.h */ = {isa = PBXFileReference; lastKnownFileType = sourcecode.c.h; path = ViewController.h; sourceTree = "<group>"; };
		E83ACF6D282A6D1E0064C429 /* ViewController.m */ = {isa = PBXFileReference; lastKnownFileType = sourcecode.c.objc; path = ViewController.m; sourceTree = "<group>"; };
		E880A2E9283CED9E00E0EA60 /* RTCViewController.h */ = {isa = PBXFileReference; lastKnownFileType = sourcecode.c.h; path = RTCViewController.h; sourceTree = "<group>"; };
		E880A2EA283CED9E00E0EA60 /* RTCViewController.m */ = {isa = PBXFileReference; lastKnownFileType = sourcecode.c.objc; path = RTCViewController.m; sourceTree = "<group>"; };
		E880A2EC283D000000E0EA60 /* JoinAudioViewController.h */ = {isa = PBXFileReference; lastKnownFileType = sourcecode.c.h; path = JoinAudioViewController.h; sourceTree = "<group>"; };
		E880A2ED283D000000E0EA60 /* JoinAudioViewController.m */ = {isa = PBXFileReference; lastKnownFileType = sourcecode.c.objc; path = JoinAudioViewController.m; sourceTree = "<group>"; };
		E880A2EF283D001E00E0EA60 /* JoinVideoViewController.h */ = {isa = PBXFileReference; lastKnownFileType = sourcecode.c.h; path = JoinVideoViewController.h; sourceTree = "<group>"; };
		E880A2F0283D001E00E0EA60 /* JoinVideoViewController.m */ = {isa = PBXFileReference; lastKnownFileType = sourcecode.c.objc; path = JoinVideoViewController.m; sourceTree = "<group>"; };
		E8E6B51528364F4400F9BA52 /* SettingsViewController.h */ = {isa = PBXFileReference; lastKnownFileType = sourcecode.c.h; path = SettingsViewController.h; sourceTree = "<group>"; };
		E8E6B51628364F4400F9BA52 /* SettingsViewController.m */ = {isa = PBXFileReference; lastKnownFileType = sourcecode.c.objc; path = SettingsViewController.m; sourceTree = "<group>"; };
		E8E6B518283777C000F9BA52 /* zh-Hans */ = {isa = PBXFileReference; lastKnownFileType = text.plist.strings; name = "zh-Hans"; path = "zh-Hans.lproj/Main.strings"; sourceTree = "<group>"; };
		E8E6B51A2837868400F9BA52 /* RTCEngine.framework */ = {isa = PBXFileReference; lastKnownFileType = wrapper.framework; name = RTCEngine.framework; path = OmniRtcKit/RTCEngine.framework; sourceTree = "<group>"; };
		E8E6B51B2837868400F9BA52 /* OmniRtcKit.framework */ = {isa = PBXFileReference; lastKnownFileType = wrapper.framework; name = OmniRtcKit.framework; path = OmniRtcKit/OmniRtcKit.framework; sourceTree = "<group>"; };
		E8E6B51C2837868400F9BA52 /* OmniRtcPlayerKit.framework */ = {isa = PBXFileReference; lastKnownFileType = wrapper.framework; name = OmniRtcPlayerKit.framework; path = OmniRtcKit/OmniRtcPlayerKit.framework; sourceTree = "<group>"; };
		E8E6B5202837990100F9BA52 /* libc++.tbd */ = {isa = PBXFileReference; lastKnownFileType = "sourcecode.text-based-dylib-definition"; name = "libc++.tbd"; path = "usr/lib/libc++.tbd"; sourceTree = SDKROOT; };
		E8E6B5222837992700F9BA52 /* libz.tbd */ = {isa = PBXFileReference; lastKnownFileType = "sourcecode.text-based-dylib-definition"; name = libz.tbd; path = usr/lib/libz.tbd; sourceTree = SDKROOT; };
		E8E6B524283799D600F9BA52 /* VideoToolbox.framework */ = {isa = PBXFileReference; lastKnownFileType = wrapper.framework; name = VideoToolbox.framework; path = System/Library/Frameworks/VideoToolbox.framework; sourceTree = SDKROOT; };
		E8E6B52D283C941200F9BA52 /* Advanced.storyboard */ = {isa = PBXFileReference; lastKnownFileType = file.storyboard; path = Advanced.storyboard; sourceTree = "<group>"; };
		E8E6B52F283C943000F9BA52 /* Basic.storyboard */ = {isa = PBXFileReference; lastKnownFileType = file.storyboard; path = Basic.storyboard; sourceTree = "<group>"; };
		E8E6B531283C9CFA00F9BA52 /* EntryViewController.h */ = {isa = PBXFileReference; lastKnownFileType = sourcecode.c.h; path = EntryViewController.h; sourceTree = "<group>"; };
		E8E6B532283C9CFA00F9BA52 /* EntryViewController.m */ = {isa = PBXFileReference; lastKnownFileType = sourcecode.c.objc; path = EntryViewController.m; sourceTree = "<group>"; };
/* End PBXFileReference section */

/* Begin PBXFrameworksBuildPhase section */
		E809F45B2825325400D98E26 /* Frameworks */ = {
			isa = PBXFrameworksBuildPhase;
			buildActionMask = 2147483647;
			files = (
				E8E6B51D2837868400F9BA52 /* RTCEngine.framework in Frameworks */,
				E8E6B51E2837868400F9BA52 /* OmniRtcKit.framework in Frameworks */,
				E8E6B51F2837868400F9BA52 /* OmniRtcPlayerKit.framework in Frameworks */,
				E8E6B525283799D600F9BA52 /* VideoToolbox.framework in Frameworks */,
				E8E6B52A2837A10000F9BA52 /* libc++.tbd in Frameworks */,
				1AADAC3A998AAD1DC9406E58 /* Pods_APIExample.framework in Frameworks */,
			);
			runOnlyForDeploymentPostprocessing = 0;
		};
/* End PBXFrameworksBuildPhase section */

/* Begin PBXGroup section */
		681E5E012BA995D9C2F894D4 /* Pods */ = {
			isa = PBXGroup;
			children = (
				A27E6A00E5E849CAEACAF4AA /* Pods-APIExample.debug.xcconfig */,
				660E53A809D5033BF4CA290B /* Pods-APIExample.release.xcconfig */,
			);
			path = Pods;
			sourceTree = "<group>";
		};
		E809F4552825325400D98E26 = {
			isa = PBXGroup;
			children = (
				E809F4602825325400D98E26 /* APIExample */,
				E809F45F2825325400D98E26 /* Products */,
				E8E6B5192837868400F9BA52 /* Frameworks */,
				681E5E012BA995D9C2F894D4 /* Pods */,
			);
			sourceTree = "<group>";
		};
		E809F45F2825325400D98E26 /* Products */ = {
			isa = PBXGroup;
			children = (
				E809F45E2825325400D98E26 /* APIExample.app */,
			);
			name = Products;
			sourceTree = "<group>";
		};
		E809F4602825325400D98E26 /* APIExample */ = {
			isa = PBXGroup;
			children = (
				E809F4612825325400D98E26 /* AppDelegate.h */,
				E809F4622825325400D98E26 /* AppDelegate.m */,
				E809F4642825325400D98E26 /* SceneDelegate.h */,
				E809F4652825325400D98E26 /* SceneDelegate.m */,
				E809F46A2825325400D98E26 /* Main.storyboard */,
				E809F46D2825325500D98E26 /* Assets.xcassets */,
				E809F46F2825325500D98E26 /* LaunchScreen.storyboard */,
				E809F4722825325500D98E26 /* Info.plist */,
				E809F4732825325500D98E26 /* main.m */,
				E83ACF6C282A6D1E0064C429 /* ViewController.h */,
				E83ACF6D282A6D1E0064C429 /* ViewController.m */,
				E8E6B51528364F4400F9BA52 /* SettingsViewController.h */,
				E8E6B51628364F4400F9BA52 /* SettingsViewController.m */,
				E8E6B531283C9CFA00F9BA52 /* EntryViewController.h */,
				E8E6B532283C9CFA00F9BA52 /* EntryViewController.m */,
				E880A2E9283CED9E00E0EA60 /* RTCViewController.h */,
				E880A2EA283CED9E00E0EA60 /* RTCViewController.m */,
				E8E6B52B283C939000F9BA52 /* Basic */,
				E8E6B52C283C939E00F9BA52 /* Advanced */,
			);
			path = APIExample;
			sourceTree = "<group>";
		};
		E8E6B5192837868400F9BA52 /* Frameworks */ = {
			isa = PBXGroup;
			children = (
				E8E6B524283799D600F9BA52 /* VideoToolbox.framework */,
				E8E6B5222837992700F9BA52 /* libz.tbd */,
				E8E6B5202837990100F9BA52 /* libc++.tbd */,
				E8E6B51B2837868400F9BA52 /* OmniRtcKit.framework */,
				E8E6B51C2837868400F9BA52 /* OmniRtcPlayerKit.framework */,
				E8E6B51A2837868400F9BA52 /* RTCEngine.framework */,
				445E239791686BFF6E9FCEF8 /* Pods_APIExample.framework */,
			);
			name = Frameworks;
			sourceTree = "<group>";
		};
		E8E6B52B283C939000F9BA52 /* Basic */ = {
			isa = PBXGroup;
			children = (
				E8E6B52F283C943000F9BA52 /* Basic.storyboard */,
				E880A2EC283D000000E0EA60 /* JoinAudioViewController.h */,
				E880A2ED283D000000E0EA60 /* JoinAudioViewController.m */,
				E880A2EF283D001E00E0EA60 /* JoinVideoViewController.h */,
				E880A2F0283D001E00E0EA60 /* JoinVideoViewController.m */,
			);
			path = Basic;
			sourceTree = "<group>";
		};
		E8E6B52C283C939E00F9BA52 /* Advanced */ = {
			isa = PBXGroup;
			children = (
				E8E6B52D283C941200F9BA52 /* Advanced.storyboard */,
			);
			path = Advanced;
			sourceTree = "<group>";
		};
/* End PBXGroup section */

/* Begin PBXNativeTarget section */
		E809F45D2825325400D98E26 /* APIExample */ = {
			isa = PBXNativeTarget;
			buildConfigurationList = E809F4772825325500D98E26 /* Build configuration list for PBXNativeTarget "APIExample" */;
			buildPhases = (
				35A32544FB0F8377267EE5CF /* [CP] Check Pods Manifest.lock */,
				E809F45A2825325400D98E26 /* Sources */,
				E809F45B2825325400D98E26 /* Frameworks */,
				E809F45C2825325400D98E26 /* Resources */,
				E15D99165B47E6529FA10CE0 /* [CP] Embed Pods Frameworks */,
			);
			buildRules = (
			);
			dependencies = (
			);
			name = APIExample;
			productName = APIExample;
			productReference = E809F45E2825325400D98E26 /* APIExample.app */;
			productType = "com.apple.product-type.application";
		};
/* End PBXNativeTarget section */

/* Begin PBXProject section */
		E809F4562825325400D98E26 /* Project object */ = {
			isa = PBXProject;
			attributes = {
				BuildIndependentTargetsInParallel = 1;
				LastUpgradeCheck = 1330;
				TargetAttributes = {
					E809F45D2825325400D98E26 = {
						CreatedOnToolsVersion = 13.3.1;
					};
				};
			};
			buildConfigurationList = E809F4592825325400D98E26 /* Build configuration list for PBXProject "APIExample" */;
			compatibilityVersion = "Xcode 13.0";
			developmentRegion = en;
			hasScannedForEncodings = 0;
			knownRegions = (
				en,
				Base,
				"zh-Hans",
			);
			mainGroup = E809F4552825325400D98E26;
			productRefGroup = E809F45F2825325400D98E26 /* Products */;
			projectDirPath = "";
			projectRoot = "";
			targets = (
				E809F45D2825325400D98E26 /* APIExample */,
			);
		};
/* End PBXProject section */

/* Begin PBXResourcesBuildPhase section */
		E809F45C2825325400D98E26 /* Resources */ = {
			isa = PBXResourcesBuildPhase;
			buildActionMask = 2147483647;
			files = (
				E8E6B52E283C941200F9BA52 /* Advanced.storyboard in Resources */,
				E809F4712825325500D98E26 /* LaunchScreen.storyboard in Resources */,
				E809F46E2825325500D98E26 /* Assets.xcassets in Resources */,
				E809F46C2825325400D98E26 /* Main.storyboard in Resources */,
				E8E6B530283C943000F9BA52 /* Basic.storyboard in Resources */,
			);
			runOnlyForDeploymentPostprocessing = 0;
		};
/* End PBXResourcesBuildPhase section */

/* Begin PBXShellScriptBuildPhase section */
		35A32544FB0F8377267EE5CF /* [CP] Check Pods Manifest.lock */ = {
			isa = PBXShellScriptBuildPhase;
			buildActionMask = 2147483647;
			files = (
			);
			inputFileListPaths = (
			);
			inputPaths = (
				"${PODS_PODFILE_DIR_PATH}/Podfile.lock",
				"${PODS_ROOT}/Manifest.lock",
			);
			name = "[CP] Check Pods Manifest.lock";
			outputFileListPaths = (
			);
			outputPaths = (
				"$(DERIVED_FILE_DIR)/Pods-APIExample-checkManifestLockResult.txt",
			);
			runOnlyForDeploymentPostprocessing = 0;
			shellPath = /bin/sh;
			shellScript = "diff \"${PODS_PODFILE_DIR_PATH}/Podfile.lock\" \"${PODS_ROOT}/Manifest.lock\" > /dev/null\nif [ $? != 0 ] ; then\n    # print error to STDERR\n    echo \"error: The sandbox is not in sync with the Podfile.lock. Run 'pod install' or update your CocoaPods installation.\" >&2\n    exit 1\nfi\n# This output is used by Xcode 'outputs' to avoid re-running this script phase.\necho \"SUCCESS\" > \"${SCRIPT_OUTPUT_FILE_0}\"\n";
			showEnvVarsInLog = 0;
		};
		E15D99165B47E6529FA10CE0 /* [CP] Embed Pods Frameworks */ = {
			isa = PBXShellScriptBuildPhase;
			buildActionMask = 2147483647;
			files = (
			);
			inputFileListPaths = (
				"${PODS_ROOT}/Target Support Files/Pods-APIExample/Pods-APIExample-frameworks-${CONFIGURATION}-input-files.xcfilelist",
			);
			name = "[CP] Embed Pods Frameworks";
			outputFileListPaths = (
				"${PODS_ROOT}/Target Support Files/Pods-APIExample/Pods-APIExample-frameworks-${CONFIGURATION}-output-files.xcfilelist",
			);
			runOnlyForDeploymentPostprocessing = 0;
			shellPath = /bin/sh;
			shellScript = "\"${PODS_ROOT}/Target Support Files/Pods-APIExample/Pods-APIExample-frameworks.sh\"\n";
			showEnvVarsInLog = 0;
		};
/* End PBXShellScriptBuildPhase section */

/* Begin PBXSourcesBuildPhase section */
		E809F45A2825325400D98E26 /* Sources */ = {
			isa = PBXSourcesBuildPhase;
			buildActionMask = 2147483647;
			files = (
				E809F4632825325400D98E26 /* AppDelegate.m in Sources */,
				E8E6B533283C9CFA00F9BA52 /* EntryViewController.m in Sources */,
				E880A2F1283D001E00E0EA60 /* JoinVideoViewController.m in Sources */,
				E809F4742825325500D98E26 /* main.m in Sources */,
				E8E6B51728364F4400F9BA52 /* SettingsViewController.m in Sources */,
				E83ACF6E282A6D1E0064C429 /* ViewController.m in Sources */,
				E880A2EE283D000000E0EA60 /* JoinAudioViewController.m in Sources */,
				E809F4662825325400D98E26 /* SceneDelegate.m in Sources */,
				E880A2EB283CED9E00E0EA60 /* RTCViewController.m in Sources */,
			);
			runOnlyForDeploymentPostprocessing = 0;
		};
/* End PBXSourcesBuildPhase section */

/* Begin PBXVariantGroup section */
		E809F46A2825325400D98E26 /* Main.storyboard */ = {
			isa = PBXVariantGroup;
			children = (
				E809F46B2825325400D98E26 /* Base */,
				E8E6B518283777C000F9BA52 /* zh-Hans */,
			);
			name = Main.storyboard;
			sourceTree = "<group>";
		};
		E809F46F2825325500D98E26 /* LaunchScreen.storyboard */ = {
			isa = PBXVariantGroup;
			children = (
				E809F4702825325500D98E26 /* Base */,
			);
			name = LaunchScreen.storyboard;
			sourceTree = "<group>";
		};
/* End PBXVariantGroup section */

/* Begin XCBuildConfiguration section */
		E809F4752825325500D98E26 /* Debug */ = {
			isa = XCBuildConfiguration;
			buildSettings = {
				ALWAYS_SEARCH_USER_PATHS = NO;
				CLANG_ANALYZER_LOCALIZABILITY_NONLOCALIZED = YES;
				CLANG_ANALYZER_NONNULL = YES;
				CLANG_ANALYZER_NUMBER_OBJECT_CONVERSION = YES_AGGRESSIVE;
				CLANG_CXX_LANGUAGE_STANDARD = "gnu++17";
				CLANG_ENABLE_MODULES = YES;
				CLANG_ENABLE_OBJC_ARC = YES;
				CLANG_ENABLE_OBJC_WEAK = YES;
				CLANG_WARN_BLOCK_CAPTURE_AUTORELEASING = YES;
				CLANG_WARN_BOOL_CONVERSION = YES;
				CLANG_WARN_COMMA = YES;
				CLANG_WARN_CONSTANT_CONVERSION = YES;
				CLANG_WARN_DEPRECATED_OBJC_IMPLEMENTATIONS = YES;
				CLANG_WARN_DIRECT_OBJC_ISA_USAGE = YES_ERROR;
				CLANG_WARN_DOCUMENTATION_COMMENTS = YES;
				CLANG_WARN_EMPTY_BODY = YES;
				CLANG_WARN_ENUM_CONVERSION = YES;
				CLANG_WARN_INFINITE_RECURSION = YES;
				CLANG_WARN_INT_CONVERSION = YES;
				CLANG_WARN_NON_LITERAL_NULL_CONVERSION = YES;
				CLANG_WARN_OBJC_IMPLICIT_RETAIN_SELF = YES;
				CLANG_WARN_OBJC_LITERAL_CONVERSION = YES;
				CLANG_WARN_OBJC_ROOT_CLASS = YES_ERROR;
				CLANG_WARN_QUOTED_INCLUDE_IN_FRAMEWORK_HEADER = YES;
				CLANG_WARN_RANGE_LOOP_ANALYSIS = YES;
				CLANG_WARN_STRICT_PROTOTYPES = YES;
				CLANG_WARN_SUSPICIOUS_MOVE = YES;
				CLANG_WARN_UNGUARDED_AVAILABILITY = YES_AGGRESSIVE;
				CLANG_WARN_UNREACHABLE_CODE = YES;
				CLANG_WARN__DUPLICATE_METHOD_MATCH = YES;
				COPY_PHASE_STRIP = NO;
				DEBUG_INFORMATION_FORMAT = dwarf;
				ENABLE_STRICT_OBJC_MSGSEND = YES;
				ENABLE_TESTABILITY = YES;
				GCC_C_LANGUAGE_STANDARD = gnu11;
				GCC_DYNAMIC_NO_PIC = NO;
				GCC_NO_COMMON_BLOCKS = YES;
				GCC_OPTIMIZATION_LEVEL = 0;
				GCC_PREPROCESSOR_DEFINITIONS = (
					"DEBUG=1",
					"$(inherited)",
				);
				GCC_WARN_64_TO_32_BIT_CONVERSION = YES;
				GCC_WARN_ABOUT_RETURN_TYPE = YES_ERROR;
				GCC_WARN_UNDECLARED_SELECTOR = YES;
				GCC_WARN_UNINITIALIZED_AUTOS = YES_AGGRESSIVE;
				GCC_WARN_UNUSED_FUNCTION = YES;
				GCC_WARN_UNUSED_VARIABLE = YES;
				IPHONEOS_DEPLOYMENT_TARGET = 10.0;
				MTL_ENABLE_DEBUG_INFO = INCLUDE_SOURCE;
				MTL_FAST_MATH = YES;
				ONLY_ACTIVE_ARCH = YES;
				SDKROOT = iphoneos;
			};
			name = Debug;
		};
		E809F4762825325500D98E26 /* Release */ = {
			isa = XCBuildConfiguration;
			buildSettings = {
				ALWAYS_SEARCH_USER_PATHS = NO;
				CLANG_ANALYZER_LOCALIZABILITY_NONLOCALIZED = YES;
				CLANG_ANALYZER_NONNULL = YES;
				CLANG_ANALYZER_NUMBER_OBJECT_CONVERSION = YES_AGGRESSIVE;
				CLANG_CXX_LANGUAGE_STANDARD = "gnu++17";
				CLANG_ENABLE_MODULES = YES;
				CLANG_ENABLE_OBJC_ARC = YES;
				CLANG_ENABLE_OBJC_WEAK = YES;
				CLANG_WARN_BLOCK_CAPTURE_AUTORELEASING = YES;
				CLANG_WARN_BOOL_CONVERSION = YES;
				CLANG_WARN_COMMA = YES;
				CLANG_WARN_CONSTANT_CONVERSION = YES;
				CLANG_WARN_DEPRECATED_OBJC_IMPLEMENTATIONS = YES;
				CLANG_WARN_DIRECT_OBJC_ISA_USAGE = YES_ERROR;
				CLANG_WARN_DOCUMENTATION_COMMENTS = YES;
				CLANG_WARN_EMPTY_BODY = YES;
				CLANG_WARN_ENUM_CONVERSION = YES;
				CLANG_WARN_INFINITE_RECURSION = YES;
				CLANG_WARN_INT_CONVERSION = YES;
				CLANG_WARN_NON_LITERAL_NULL_CONVERSION = YES;
				CLANG_WARN_OBJC_IMPLICIT_RETAIN_SELF = YES;
				CLANG_WARN_OBJC_LITERAL_CONVERSION = YES;
				CLANG_WARN_OBJC_ROOT_CLASS = YES_ERROR;
				CLANG_WARN_QUOTED_INCLUDE_IN_FRAMEWORK_HEADER = YES;
				CLANG_WARN_RANGE_LOOP_ANALYSIS = YES;
				CLANG_WARN_STRICT_PROTOTYPES = YES;
				CLANG_WARN_SUSPICIOUS_MOVE = YES;
				CLANG_WARN_UNGUARDED_AVAILABILITY = YES_AGGRESSIVE;
				CLANG_WARN_UNREACHABLE_CODE = YES;
				CLANG_WARN__DUPLICATE_METHOD_MATCH = YES;
				COPY_PHASE_STRIP = NO;
				DEBUG_INFORMATION_FORMAT = "dwarf-with-dsym";
				ENABLE_NS_ASSERTIONS = NO;
				ENABLE_STRICT_OBJC_MSGSEND = YES;
				GCC_C_LANGUAGE_STANDARD = gnu11;
				GCC_NO_COMMON_BLOCKS = YES;
				GCC_WARN_64_TO_32_BIT_CONVERSION = YES;
				GCC_WARN_ABOUT_RETURN_TYPE = YES_ERROR;
				GCC_WARN_UNDECLARED_SELECTOR = YES;
				GCC_WARN_UNINITIALIZED_AUTOS = YES_AGGRESSIVE;
				GCC_WARN_UNUSED_FUNCTION = YES;
				GCC_WARN_UNUSED_VARIABLE = YES;
				IPHONEOS_DEPLOYMENT_TARGET = 10.0;
				MTL_ENABLE_DEBUG_INFO = NO;
				MTL_FAST_MATH = YES;
				SDKROOT = iphoneos;
				VALIDATE_PRODUCT = YES;
			};
			name = Release;
		};
		E809F4782825325500D98E26 /* Debug */ = {
			isa = XCBuildConfiguration;
			baseConfigurationReference = A27E6A00E5E849CAEACAF4AA /* Pods-APIExample.debug.xcconfig */;
			buildSettings = {
				ASSETCATALOG_COMPILER_APPICON_NAME = AppIcon;
				ASSETCATALOG_COMPILER_GLOBAL_ACCENT_COLOR_NAME = AccentColor;
				CODE_SIGN_STYLE = Automatic;
				CURRENT_PROJECT_VERSION = 1;
				DEVELOPMENT_TEAM = 3MW2HB7BV3;
				ENABLE_BITCODE = NO;
				FRAMEWORK_SEARCH_PATHS = (
					"$(inherited)",
					"$(PROJECT_DIR)/OmniRtcKit",
				);
				GENERATE_INFOPLIST_FILE = YES;
				INFOPLIST_FILE = APIExample/Info.plist;
				INFOPLIST_KEY_UIApplicationSupportsIndirectInputEvents = YES;
				INFOPLIST_KEY_UILaunchStoryboardName = LaunchScreen;
				INFOPLIST_KEY_UIMainStoryboardFile = Main;
				INFOPLIST_KEY_UISupportedInterfaceOrientations_iPad = "UIInterfaceOrientationPortrait UIInterfaceOrientationPortraitUpsideDown UIInterfaceOrientationLandscapeLeft UIInterfaceOrientationLandscapeRight";
				INFOPLIST_KEY_UISupportedInterfaceOrientations_iPhone = "UIInterfaceOrientationPortrait UIInterfaceOrientationLandscapeLeft UIInterfaceOrientationLandscapeRight";
				IPHONEOS_DEPLOYMENT_TARGET = 10.0;
				LD_RUNPATH_SEARCH_PATHS = (
					"$(inherited)",
					"@executable_path/Frameworks",
				);
				MARKETING_VERSION = 1.0;
				PRODUCT_BUNDLE_IDENTIFIER = OmniRtc.APIExample;
				PRODUCT_NAME = "$(TARGET_NAME)";
				SWIFT_EMIT_LOC_STRINGS = YES;
				TARGETED_DEVICE_FAMILY = "1,2";
			};
			name = Debug;
		};
		E809F4792825325500D98E26 /* Release */ = {
			isa = XCBuildConfiguration;
			baseConfigurationReference = 660E53A809D5033BF4CA290B /* Pods-APIExample.release.xcconfig */;
			buildSettings = {
				ASSETCATALOG_COMPILER_APPICON_NAME = AppIcon;
				ASSETCATALOG_COMPILER_GLOBAL_ACCENT_COLOR_NAME = AccentColor;
				CODE_SIGN_STYLE = Automatic;
				CURRENT_PROJECT_VERSION = 1;
				DEVELOPMENT_TEAM = 3MW2HB7BV3;
				ENABLE_BITCODE = NO;
				FRAMEWORK_SEARCH_PATHS = (
					"$(inherited)",
					"$(PROJECT_DIR)/OmniRtcKit",
				);
				GENERATE_INFOPLIST_FILE = YES;
				INFOPLIST_FILE = APIExample/Info.plist;
				INFOPLIST_KEY_UIApplicationSupportsIndirectInputEvents = YES;
				INFOPLIST_KEY_UILaunchStoryboardName = LaunchScreen;
				INFOPLIST_KEY_UIMainStoryboardFile = Main;
				INFOPLIST_KEY_UISupportedInterfaceOrientations_iPad = "UIInterfaceOrientationPortrait UIInterfaceOrientationPortraitUpsideDown UIInterfaceOrientationLandscapeLeft UIInterfaceOrientationLandscapeRight";
				INFOPLIST_KEY_UISupportedInterfaceOrientations_iPhone = "UIInterfaceOrientationPortrait UIInterfaceOrientationLandscapeLeft UIInterfaceOrientationLandscapeRight";
				IPHONEOS_DEPLOYMENT_TARGET = 10.0;
				LD_RUNPATH_SEARCH_PATHS = (
					"$(inherited)",
					"@executable_path/Frameworks",
				);
				MARKETING_VERSION = 1.0;
				PRODUCT_BUNDLE_IDENTIFIER = OmniRtc.APIExample;
				PRODUCT_NAME = "$(TARGET_NAME)";
				SWIFT_EMIT_LOC_STRINGS = YES;
				TARGETED_DEVICE_FAMILY = "1,2";
			};
			name = Release;
		};
/* End XCBuildConfiguration section */

/* Begin XCConfigurationList section */
		E809F4592825325400D98E26 /* Build configuration list for PBXProject "APIExample" */ = {
			isa = XCConfigurationList;
			buildConfigurations = (
				E809F4752825325500D98E26 /* Debug */,
				E809F4762825325500D98E26 /* Release */,
			);
			defaultConfigurationIsVisible = 0;
			defaultConfigurationName = Release;
		};
		E809F4772825325500D98E26 /* Build configuration list for PBXNativeTarget "APIExample" */ = {
			isa = XCConfigurationList;
			buildConfigurations = (
				E809F4782825325500D98E26 /* Debug */,
				E809F4792825325500D98E26 /* Release */,
			);
			defaultConfigurationIsVisible = 0;
			defaultConfigurationName = Release;
		};
/* End XCConfigurationList section */
	};
	rootObject = E809F4562825325400D98E26 /* Project object */;
}
